
Microsoft Visual Studio Solution File, Format Version 12.00
# Visual Studio Version 17
VisualStudioVersion = 17.1.32414.318
MinimumVisualStudioVersion = 10.0.40219.1
Project("{FAE04EC0-301F-11D3-BF4B-00C04F79EFBC}") = "employeewage", "employeewage.csproj", "{427E3286-929C-45F8-9F4C-EF31C77F5676}"
EndProject
Global
	GlobalSection(SolutionConfigurationPlatforms) = preSolution
		Debug|Any CPU = Debug|Any CPU
		Release|Any CPU = Release|Any CPU
	EndGlobalSection
	GlobalSection(ProjectConfigurationPlatforms) = postSolution
		{427E3286-929C-45F8-9F4C-EF31C77F5676}.Debug|Any CPU.ActiveCfg = Debug|Any CPU
		{427E3286-929C-45F8-9F4C-EF31C77F5676}.Debug|Any CPU.Build.0 = Debug|Any CPU
		{427E3286-929C-45F8-9F4C-EF31C77F5676}.Release|Any CPU.ActiveCfg = Release|Any CPU
		{427E3286-929C-45F8-9F4C-EF31C77F5676}.Release|Any CPU.Build.0 = Release|Any CPU
	EndGlobalSection
	GlobalSection(SolutionProperties) = preSolution
		HideSolutionNode = FALSE
	EndGlobalSection
	GlobalSection(ExtensibilityGlobals) = postSolution
		SolutionGuid = {DAE0BD7B-4E4D-4F98-BA45-3C778A0C5791}
	EndGlobalSection
EndGlobal
